
Microsoft Visual Studio Solution File, Format Version 12.00
# Visual Studio Version 16
VisualStudioVersion = 16.0.30413.136
MinimumVisualStudioVersion = 10.0.40219.1
Project("{FAE04EC0-301F-11D3-BF4B-00C04F79EFBC}") = "Reservea.API.Users", "Reservea.API.Users\Reservea.API.Users.csproj", "{8ED7EB40-A1A3-49FA-82FB-0F809287EBC9}"
EndProject
Project("{FAE04EC0-301F-11D3-BF4B-00C04F79EFBC}") = "Reservea.Common", "Reservea.Common\Reservea.Common.csproj", "{9F0CEB31-8A68-4A99-8E06-8D90FB6A9512}"
EndProject
Project("{2150E333-8FDC-42A3-9474-1A3956D46DE8}") = "API", "API", "{9EAF7D96-C50D-4DCC-A8F7-09E93BD585A2}"
EndProject
Project("{FAE04EC0-301F-11D3-BF4B-00C04F79EFBC}") = "Reservea.API.Reservations", "Reservea.API.Reservations\Reservea.API.Reservations.csproj", "{FC45525E-BDB7-47B8-BD42-240878F3C957}"
EndProject
Project("{FAE04EC0-301F-11D3-BF4B-00C04F79EFBC}") = "Reservea.API.Gateway", "Reservea.API.Gateway\Reservea.API.Gateway.csproj", "{9448A065-1D2F-4A54-AAA6-70365DC2CC35}"
EndProject
Project("{FAE04EC0-301F-11D3-BF4B-00C04F79EFBC}") = "Reservea.API.Resources", "Reservea.API.Resources\Reservea.API.Resources.csproj", "{31D96D59-B2EC-4390-98DC-5DF5559F14E3}"
EndProject
Project("{FAE04EC0-301F-11D3-BF4B-00C04F79EFBC}") = "Reservea.API.CMS", "Reservea.API.CMS\Reservea.API.CMS.csproj", "{7C6DC707-816D-4594-8C88-48273DAB8399}"
EndProject
Project("{2150E333-8FDC-42A3-9474-1A3956D46DE8}") = "Tests", "Tests", "{A13865AE-4D2B-4443-91DF-8CF00990F0FA}"
EndProject
Project("{FAE04EC0-301F-11D3-BF4B-00C04F79EFBC}") = "Reservea.Tests.Users", "Reservea.Tests.Users\Reservea.Tests.Users.csproj", "{1F9DA2FB-DB2B-4096-9402-AD328321FD97}"
EndProject
Project("{FAE04EC0-301F-11D3-BF4B-00C04F79EFBC}") = "Reservea.Tests.Resources", "Reservea.Tests.Resources\Reservea.Tests.Resources.csproj", "{5655E602-F1B8-4A08-BAA0-180B9F78B535}"
EndProject
Project("{FAE04EC0-301F-11D3-BF4B-00C04F79EFBC}") = "Reservea.Tests.Reservations", "Reservea.Tests.Reservations\Reservea.Tests.Reservations.csproj", "{AE7232C8-734E-4E43-8FA7-CFD73E8618DD}"
EndProject
Project("{FAE04EC0-301F-11D3-BF4B-00C04F79EFBC}") = "Reservea.Tests.CMS", "Reservea.Tests.CMS\Reservea.Tests.CMS.csproj", "{A0DD223E-766D-4BEF-8707-FBEC0CD277AC}"
EndProject
Project("{FAE04EC0-301F-11D3-BF4B-00C04F79EFBC}") = "Reservea.Tests.Common", "Reservea.Tests.Common\Reservea.Tests.Common.csproj", "{568F940D-04B5-4726-BA58-9CA4833B0AC9}"
EndProject
Project("{FAE04EC0-301F-11D3-BF4B-00C04F79EFBC}") = "Reservea.Persistance", "Reservea.Persistance\Reservea.Persistance.csproj", "{644D475C-7B28-42C9-A581-2D53693B7938}"
EndProject
Global
	GlobalSection(SolutionConfigurationPlatforms) = preSolution
		Debug|Any CPU = Debug|Any CPU
		Release|Any CPU = Release|Any CPU
	EndGlobalSection
	GlobalSection(ProjectConfigurationPlatforms) = postSolution
		{8ED7EB40-A1A3-49FA-82FB-0F809287EBC9}.Debug|Any CPU.ActiveCfg = Debug|Any CPU
		{8ED7EB40-A1A3-49FA-82FB-0F809287EBC9}.Debug|Any CPU.Build.0 = Debug|Any CPU
		{8ED7EB40-A1A3-49FA-82FB-0F809287EBC9}.Release|Any CPU.ActiveCfg = Release|Any CPU
		{8ED7EB40-A1A3-49FA-82FB-0F809287EBC9}.Release|Any CPU.Build.0 = Release|Any CPU
		{9F0CEB31-8A68-4A99-8E06-8D90FB6A9512}.Debug|Any CPU.ActiveCfg = Debug|Any CPU
		{9F0CEB31-8A68-4A99-8E06-8D90FB6A9512}.Debug|Any CPU.Build.0 = Debug|Any CPU
		{9F0CEB31-8A68-4A99-8E06-8D90FB6A9512}.Release|Any CPU.ActiveCfg = Release|Any CPU
		{9F0CEB31-8A68-4A99-8E06-8D90FB6A9512}.Release|Any CPU.Build.0 = Release|Any CPU
		{FC45525E-BDB7-47B8-BD42-240878F3C957}.Debug|Any CPU.ActiveCfg = Debug|Any CPU
		{FC45525E-BDB7-47B8-BD42-240878F3C957}.Debug|Any CPU.Build.0 = Debug|Any CPU
		{FC45525E-BDB7-47B8-BD42-240878F3C957}.Release|Any CPU.ActiveCfg = Release|Any CPU
		{FC45525E-BDB7-47B8-BD42-240878F3C957}.Release|Any CPU.Build.0 = Release|Any CPU
		{9448A065-1D2F-4A54-AAA6-70365DC2CC35}.Debug|Any CPU.ActiveCfg = Debug|Any CPU
		{9448A065-1D2F-4A54-AAA6-70365DC2CC35}.Debug|Any CPU.Build.0 = Debug|Any CPU
		{9448A065-1D2F-4A54-AAA6-70365DC2CC35}.Release|Any CPU.ActiveCfg = Release|Any CPU
		{9448A065-1D2F-4A54-AAA6-70365DC2CC35}.Release|Any CPU.Build.0 = Release|Any CPU
		{31D96D59-B2EC-4390-98DC-5DF5559F14E3}.Debug|Any CPU.ActiveCfg = Debug|Any CPU
		{31D96D59-B2EC-4390-98DC-5DF5559F14E3}.Debug|Any CPU.Build.0 = Debug|Any CPU
		{31D96D59-B2EC-4390-98DC-5DF5559F14E3}.Release|Any CPU.ActiveCfg = Release|Any CPU
		{31D96D59-B2EC-4390-98DC-5DF5559F14E3}.Release|Any CPU.Build.0 = Release|Any CPU
		{7C6DC707-816D-4594-8C88-48273DAB8399}.Debug|Any CPU.ActiveCfg = Debug|Any CPU
		{7C6DC707-816D-4594-8C88-48273DAB8399}.Debug|Any CPU.Build.0 = Debug|Any CPU
		{7C6DC707-816D-4594-8C88-48273DAB8399}.Release|Any CPU.ActiveCfg = Release|Any CPU
		{7C6DC707-816D-4594-8C88-48273DAB8399}.Release|Any CPU.Build.0 = Release|Any CPU
		{1F9DA2FB-DB2B-4096-9402-AD328321FD97}.Debug|Any CPU.ActiveCfg = Debug|Any CPU
		{1F9DA2FB-DB2B-4096-9402-AD328321FD97}.Debug|Any CPU.Build.0 = Debug|Any CPU
		{1F9DA2FB-DB2B-4096-9402-AD328321FD97}.Release|Any CPU.ActiveCfg = Release|Any CPU
		{1F9DA2FB-DB2B-4096-9402-AD328321FD97}.Release|Any CPU.Build.0 = Release|Any CPU
		{5655E602-F1B8-4A08-BAA0-180B9F78B535}.Debug|Any CPU.ActiveCfg = Debug|Any CPU
		{5655E602-F1B8-4A08-BAA0-180B9F78B535}.Debug|Any CPU.Build.0 = Debug|Any CPU
		{5655E602-F1B8-4A08-BAA0-180B9F78B535}.Release|Any CPU.ActiveCfg = Release|Any CPU
		{5655E602-F1B8-4A08-BAA0-180B9F78B535}.Release|Any CPU.Build.0 = Release|Any CPU
		{AE7232C8-734E-4E43-8FA7-CFD73E8618DD}.Debug|Any CPU.ActiveCfg = Debug|Any CPU
		{AE7232C8-734E-4E43-8FA7-CFD73E8618DD}.Debug|Any CPU.Build.0 = Debug|Any CPU
		{AE7232C8-734E-4E43-8FA7-CFD73E8618DD}.Release|Any CPU.ActiveCfg = Release|Any CPU
		{AE7232C8-734E-4E43-8FA7-CFD73E8618DD}.Release|Any CPU.Build.0 = Release|Any CPU
		{A0DD223E-766D-4BEF-8707-FBEC0CD277AC}.Debug|Any CPU.ActiveCfg = Debug|Any CPU
		{A0DD223E-766D-4BEF-8707-FBEC0CD277AC}.Debug|Any CPU.Build.0 = Debug|Any CPU
		{A0DD223E-766D-4BEF-8707-FBEC0CD277AC}.Release|Any CPU.ActiveCfg = Release|Any CPU
		{A0DD223E-766D-4BEF-8707-FBEC0CD277AC}.Release|Any CPU.Build.0 = Release|Any CPU
		{568F940D-04B5-4726-BA58-9CA4833B0AC9}.Debug|Any CPU.ActiveCfg = Debug|Any CPU
		{568F940D-04B5-4726-BA58-9CA4833B0AC9}.Debug|Any CPU.Build.0 = Debug|Any CPU
		{568F940D-04B5-4726-BA58-9CA4833B0AC9}.Release|Any CPU.ActiveCfg = Release|Any CPU
		{568F940D-04B5-4726-BA58-9CA4833B0AC9}.Release|Any CPU.Build.0 = Release|Any CPU
		{644D475C-7B28-42C9-A581-2D53693B7938}.Debug|Any CPU.ActiveCfg = Debug|Any CPU
		{644D475C-7B28-42C9-A581-2D53693B7938}.Debug|Any CPU.Build.0 = Debug|Any CPU
		{644D475C-7B28-42C9-A581-2D53693B7938}.Release|Any CPU.ActiveCfg = Release|Any CPU
		{644D475C-7B28-42C9-A581-2D53693B7938}.Release|Any CPU.Build.0 = Release|Any CPU
	EndGlobalSection
	GlobalSection(SolutionProperties) = preSolution
		HideSolutionNode = FALSE
	EndGlobalSection
	GlobalSection(NestedProjects) = preSolution
		{8ED7EB40-A1A3-49FA-82FB-0F809287EBC9} = {9EAF7D96-C50D-4DCC-A8F7-09E93BD585A2}
		{FC45525E-BDB7-47B8-BD42-240878F3C957} = {9EAF7D96-C50D-4DCC-A8F7-09E93BD585A2}
		{9448A065-1D2F-4A54-AAA6-70365DC2CC35} = {9EAF7D96-C50D-4DCC-A8F7-09E93BD585A2}
		{31D96D59-B2EC-4390-98DC-5DF5559F14E3} = {9EAF7D96-C50D-4DCC-A8F7-09E93BD585A2}
		{7C6DC707-816D-4594-8C88-48273DAB8399} = {9EAF7D96-C50D-4DCC-A8F7-09E93BD585A2}
		{1F9DA2FB-DB2B-4096-9402-AD328321FD97} = {A13865AE-4D2B-4443-91DF-8CF00990F0FA}
		{5655E602-F1B8-4A08-BAA0-180B9F78B535} = {A13865AE-4D2B-4443-91DF-8CF00990F0FA}
		{AE7232C8-734E-4E43-8FA7-CFD73E8618DD} = {A13865AE-4D2B-4443-91DF-8CF00990F0FA}
		{A0DD223E-766D-4BEF-8707-FBEC0CD277AC} = {A13865AE-4D2B-4443-91DF-8CF00990F0FA}
		{568F940D-04B5-4726-BA58-9CA4833B0AC9} = {A13865AE-4D2B-4443-91DF-8CF00990F0FA}
	EndGlobalSection
	GlobalSection(ExtensibilityGlobals) = postSolution
		SolutionGuid = {28CC368F-E7C4-4A3D-A906-F09FAD58978B}
	EndGlobalSection
EndGlobal
